
Microsoft Visual Studio Solution File, Format Version 12.00
# Visual Studio Version 17
VisualStudioVersion = 17.0.32112.339
MinimumVisualStudioVersion = 10.0.40219.1
Project("{FAE04EC0-301F-11D3-BF4B-00C04F79EFBC}") = "GradesSystem", "GradesSystem.csproj", "{F274CCB5-2639-4FEA-BED1-9037A2A72300}"
EndProject
Global
	GlobalSection(SolutionConfigurationPlatforms) = preSolution
		Debug|Any CPU = Debug|Any CPU
		Release|Any CPU = Release|Any CPU
	EndGlobalSection
	GlobalSection(ProjectConfigurationPlatforms) = postSolution
		{F274CCB5-2639-4FEA-BED1-9037A2A72300}.Debug|Any CPU.ActiveCfg = Debug|Any CPU
		{F274CCB5-2639-4FEA-BED1-9037A2A72300}.Debug|Any CPU.Build.0 = Debug|Any CPU
		{F274CCB5-2639-4FEA-BED1-9037A2A72300}.Debug|Any CPU.Deploy.0 = Debug|Any CPU
		{F274CCB5-2639-4FEA-BED1-9037A2A72300}.Release|Any CPU.ActiveCfg = Release|Any CPU
		{F274CCB5-2639-4FEA-BED1-9037A2A72300}.Release|Any CPU.Build.0 = Release|Any CPU
		{F274CCB5-2639-4FEA-BED1-9037A2A72300}.Release|Any CPU.Deploy.0 = Release|Any CPU
	EndGlobalSection
	GlobalSection(SolutionProperties) = preSolution
		HideSolutionNode = FALSE
	EndGlobalSection
	GlobalSection(ExtensibilityGlobals) = postSolution
		SolutionGuid = {9DDE17C7-5653-4A50-8259-19F7C8A3C6F0}
	EndGlobalSection
EndGlobal
